
Microsoft Visual Studio Solution File, Format Version 12.00
# Visual Studio Version 17
VisualStudioVersion = 17.11.35312.102
MinimumVisualStudioVersion = 10.0.40219.1
Project("{9A19103F-16F7-4668-BE54-9A1E7A4F7556}") = "FragrantWorld", "FragrantWorld\FragrantWorld.csproj", "{E126142E-48F1-4D08-879F-20105CC3BA27}"
EndProject
Project("{9A19103F-16F7-4668-BE54-9A1E7A4F7556}") = "DataBaseLibrary", "DataBaseLibrary\DataBaseLibrary.csproj", "{F860E0CB-CA70-40D8-A750-C9170C2D0C38}"
EndProject
Project("{FAE04EC0-301F-11D3-BF4B-00C04F79EFBC}") = "FragrantWorldWebApi", "FragrantWorldWebApi\FragrantWorldWebApi.csproj", "{E207B875-2F25-4AE7-B16F-852EEE46ACFD}"
EndProject
Global
	GlobalSection(SolutionConfigurationPlatforms) = preSolution
		Debug|Any CPU = Debug|Any CPU
		Release|Any CPU = Release|Any CPU
	EndGlobalSection
	GlobalSection(ProjectConfigurationPlatforms) = postSolution
		{E126142E-48F1-4D08-879F-20105CC3BA27}.Debug|Any CPU.ActiveCfg = Debug|Any CPU
		{E126142E-48F1-4D08-879F-20105CC3BA27}.Debug|Any CPU.Build.0 = Debug|Any CPU
		{E126142E-48F1-4D08-879F-20105CC3BA27}.Release|Any CPU.ActiveCfg = Release|Any CPU
		{E126142E-48F1-4D08-879F-20105CC3BA27}.Release|Any CPU.Build.0 = Release|Any CPU
		{F860E0CB-CA70-40D8-A750-C9170C2D0C38}.Debug|Any CPU.ActiveCfg = Debug|Any CPU
		{F860E0CB-CA70-40D8-A750-C9170C2D0C38}.Debug|Any CPU.Build.0 = Debug|Any CPU
		{F860E0CB-CA70-40D8-A750-C9170C2D0C38}.Release|Any CPU.ActiveCfg = Release|Any CPU
		{F860E0CB-CA70-40D8-A750-C9170C2D0C38}.Release|Any CPU.Build.0 = Release|Any CPU
		{E207B875-2F25-4AE7-B16F-852EEE46ACFD}.Debug|Any CPU.ActiveCfg = Debug|Any CPU
		{E207B875-2F25-4AE7-B16F-852EEE46ACFD}.Debug|Any CPU.Build.0 = Debug|Any CPU
		{E207B875-2F25-4AE7-B16F-852EEE46ACFD}.Release|Any CPU.ActiveCfg = Release|Any CPU
		{E207B875-2F25-4AE7-B16F-852EEE46ACFD}.Release|Any CPU.Build.0 = Release|Any CPU
	EndGlobalSection
	GlobalSection(SolutionProperties) = preSolution
		HideSolutionNode = FALSE
	EndGlobalSection
	GlobalSection(ExtensibilityGlobals) = postSolution
		SolutionGuid = {A3885F04-48D4-4D81-AD42-DB84702DAB5A}
	EndGlobalSection
EndGlobal
